
Microsoft Visual Studio Solution File, Format Version 12.00
# Visual Studio Version 17
VisualStudioVersion = 17.5.33424.131
MinimumVisualStudioVersion = 10.0.40219.1
Project("{FAE04EC0-301F-11D3-BF4B-00C04F79EFBC}") = "DoWhileLoopTask", "DoWhileLoopTask.csproj", "{3ECEA75F-6CC5-43A4-91C4-349F9E5CA92D}"
EndProject
Global
	GlobalSection(SolutionConfigurationPlatforms) = preSolution
		Debug|Any CPU = Debug|Any CPU
		Release|Any CPU = Release|Any CPU
	EndGlobalSection
	GlobalSection(ProjectConfigurationPlatforms) = postSolution
		{3ECEA75F-6CC5-43A4-91C4-349F9E5CA92D}.Debug|Any CPU.ActiveCfg = Debug|Any CPU
		{3ECEA75F-6CC5-43A4-91C4-349F9E5CA92D}.Debug|Any CPU.Build.0 = Debug|Any CPU
		{3ECEA75F-6CC5-43A4-91C4-349F9E5CA92D}.Release|Any CPU.ActiveCfg = Release|Any CPU
		{3ECEA75F-6CC5-43A4-91C4-349F9E5CA92D}.Release|Any CPU.Build.0 = Release|Any CPU
	EndGlobalSection
	GlobalSection(SolutionProperties) = preSolution
		HideSolutionNode = FALSE
	EndGlobalSection
	GlobalSection(ExtensibilityGlobals) = postSolution
		SolutionGuid = {AA7E2E5E-095D-4815-9042-9D4515A67884}
	EndGlobalSection
EndGlobal
